// !$*UTF8*$!
{
	archiveVersion = 1;
	classes = {
	};
	objectVersion = 48;
	objects = {

/* Begin PBXBuildFile section */
		1AC64D9F8AA778CF212476E0 /* Pods_Pocket_Learner.framework in Frameworks */ = {isa = PBXBuildFile; fileRef = BE5EDAB55760FCB8AF002812 /* Pods_Pocket_Learner.framework */; };
		DC0B14B11FED383E008123E8 /* LoginViewController.swift in Sources */ = {isa = PBXBuildFile; fileRef = DC0B14B01FED383E008123E8 /* LoginViewController.swift */; };
		DC0B14B31FED3872008123E8 /* registerViewController.swift in Sources */ = {isa = PBXBuildFile; fileRef = DC0B14B21FED3872008123E8 /* registerViewController.swift */; };
		DC0B14B51FED388C008123E8 /* questionViewController.swift in Sources */ = {isa = PBXBuildFile; fileRef = DC0B14B41FED388C008123E8 /* questionViewController.swift */; };
		DC41CDFB1FECF24000BF0C37 /* AppDelegate.swift in Sources */ = {isa = PBXBuildFile; fileRef = DC41CDFA1FECF24000BF0C37 /* AppDelegate.swift */; };
		DC41CDFD1FECF24000BF0C37 /* ViewController.swift in Sources */ = {isa = PBXBuildFile; fileRef = DC41CDFC1FECF24000BF0C37 /* ViewController.swift */; };
		DC41CE001FECF24000BF0C37 /* Main.storyboard in Resources */ = {isa = PBXBuildFile; fileRef = DC41CDFE1FECF24000BF0C37 /* Main.storyboard */; };
		DC41CE021FECF24000BF0C37 /* Assets.xcassets in Resources */ = {isa = PBXBuildFile; fileRef = DC41CE011FECF24000BF0C37 /* Assets.xcassets */; };
		DC41CE051FECF24000BF0C37 /* LaunchScreen.storyboard in Resources */ = {isa = PBXBuildFile; fileRef = DC41CE031FECF24000BF0C37 /* LaunchScreen.storyboard */; };
		DCD90E8A1FED41E30054041F /* GoogleService-Info (3).plist in Resources */ = {isa = PBXBuildFile; fileRef = DCD90E891FED41E30054041F /* GoogleService-Info (3).plist */; };
/* End PBXBuildFile section */

/* Begin PBXFileReference section */
		6056C5DBC48BDEC05F8AD341 /* Pods-Pocket Learner.release.xcconfig */ = {isa = PBXFileReference; includeInIndex = 1; lastKnownFileType = text.xcconfig; name = "Pods-Pocket Learner.release.xcconfig"; path = "Pods/Target Support Files/Pods-Pocket Learner/Pods-Pocket Learner.release.xcconfig"; sourceTree = "<group>"; };
		688A0C8C7CBB961F1FCF1D01 /* Pods-Pocket Learner.debug.xcconfig */ = {isa = PBXFileReference; includeInIndex = 1; lastKnownFileType = text.xcconfig; name = "Pods-Pocket Learner.debug.xcconfig"; path = "Pods/Target Support Files/Pods-Pocket Learner/Pods-Pocket Learner.debug.xcconfig"; sourceTree = "<group>"; };
		BE5EDAB55760FCB8AF002812 /* Pods_Pocket_Learner.framework */ = {isa = PBXFileReference; explicitFileType = wrapper.framework; includeInIndex = 0; path = Pods_Pocket_Learner.framework; sourceTree = BUILT_PRODUCTS_DIR; };
		DC0B14B01FED383E008123E8 /* LoginViewController.swift */ = {isa = PBXFileReference; lastKnownFileType = sourcecode.swift; path = LoginViewController.swift; sourceTree = "<group>"; };
		DC0B14B21FED3872008123E8 /* registerViewController.swift */ = {isa = PBXFileReference; lastKnownFileType = sourcecode.swift; path = registerViewController.swift; sourceTree = "<group>"; };
		DC0B14B41FED388C008123E8 /* questionViewController.swift */ = {isa = PBXFileReference; lastKnownFileType = sourcecode.swift; path = questionViewController.swift; sourceTree = "<group>"; };
		DC41CDF71FECF24000BF0C37 /* Pocket Learner.app */ = {isa = PBXFileReference; explicitFileType = wrapper.application; includeInIndex = 0; path = "Pocket Learner.app"; sourceTree = BUILT_PRODUCTS_DIR; };
		DC41CDFA1FECF24000BF0C37 /* AppDelegate.swift */ = {isa = PBXFileReference; lastKnownFileType = sourcecode.swift; path = AppDelegate.swift; sourceTree = "<group>"; };
		DC41CDFC1FECF24000BF0C37 /* ViewController.swift */ = {isa = PBXFileReference; lastKnownFileType = sourcecode.swift; path = ViewController.swift; sourceTree = "<group>"; };
		DC41CDFF1FECF24000BF0C37 /* Base */ = {isa = PBXFileReference; lastKnownFileType = file.storyboard; name = Base; path = Base.lproj/Main.storyboard; sourceTree = "<group>"; };
		DC41CE011FECF24000BF0C37 /* Assets.xcassets */ = {isa = PBXFileReference; lastKnownFileType = folder.assetcatalog; path = Assets.xcassets; sourceTree = "<group>"; };
		DC41CE041FECF24000BF0C37 /* Base */ = {isa = PBXFileReference; lastKnownFileType = file.storyboard; name = Base; path = Base.lproj/LaunchScreen.storyboard; sourceTree = "<group>"; };
		DC41CE061FECF24000BF0C37 /* Info.plist */ = {isa = PBXFileReference; lastKnownFileType = text.plist.xml; path = Info.plist; sourceTree = "<group>"; };
		DCD90E891FED41E30054041F /* GoogleService-Info (3).plist */ = {isa = PBXFileReference; fileEncoding = 4; lastKnownFileType = text.plist.xml; path = "GoogleService-Info (3).plist"; sourceTree = "<group>"; };
/* End PBXFileReference section */

/* Begin PBXFrameworksBuildPhase section */
		DC41CDF41FECF24000BF0C37 /* Frameworks */ = {
			isa = PBXFrameworksBuildPhase;
			buildActionMask = 2147483647;
			files = (
				1AC64D9F8AA778CF212476E0 /* Pods_Pocket_Learner.framework in Frameworks */,
			);
			runOnlyForDeploymentPostprocessing = 0;
		};
/* End PBXFrameworksBuildPhase section */

/* Begin PBXGroup section */
		59AF747CA29509AC24B90E80 /* Pods */ = {
			isa = PBXGroup;
			children = (
				688A0C8C7CBB961F1FCF1D01 /* Pods-Pocket Learner.debug.xcconfig */,
				6056C5DBC48BDEC05F8AD341 /* Pods-Pocket Learner.release.xcconfig */,
			);
			name = Pods;
			sourceTree = "<group>";
		};
		A6AED33912AF77F000BB2D3B /* Frameworks */ = {
			isa = PBXGroup;
			children = (
				BE5EDAB55760FCB8AF002812 /* Pods_Pocket_Learner.framework */,
			);
			name = Frameworks;
			sourceTree = "<group>";
		};
		DC41CDEE1FECF24000BF0C37 = {
			isa = PBXGroup;
			children = (
				DC41CDF91FECF24000BF0C37 /* Pocket Learner */,
				DC41CDF81FECF24000BF0C37 /* Products */,
				59AF747CA29509AC24B90E80 /* Pods */,
				A6AED33912AF77F000BB2D3B /* Frameworks */,
			);
			sourceTree = "<group>";
		};
		DC41CDF81FECF24000BF0C37 /* Products */ = {
			isa = PBXGroup;
			children = (
				DC41CDF71FECF24000BF0C37 /* Pocket Learner.app */,
			);
			name = Products;
			sourceTree = "<group>";
		};
		DC41CDF91FECF24000BF0C37 /* Pocket Learner */ = {
			isa = PBXGroup;
			children = (
				DC41CDFA1FECF24000BF0C37 /* AppDelegate.swift */,
				DC0B14B21FED3872008123E8 /* registerViewController.swift */,
				DC0B14B41FED388C008123E8 /* questionViewController.swift */,
				DC41CDFC1FECF24000BF0C37 /* ViewController.swift */,
				DC41CDFE1FECF24000BF0C37 /* Main.storyboard */,
				DC0B14B01FED383E008123E8 /* LoginViewController.swift */,
				DC41CE011FECF24000BF0C37 /* Assets.xcassets */,
				DC41CE031FECF24000BF0C37 /* LaunchScreen.storyboard */,
				DC41CE061FECF24000BF0C37 /* Info.plist */,
				DCD90E891FED41E30054041F /* GoogleService-Info (3).plist */,
			);
			path = "Pocket Learner";
			sourceTree = "<group>";
		};
/* End PBXGroup section */

/* Begin PBXNativeTarget section */
		DC41CDF61FECF24000BF0C37 /* Pocket Learner */ = {
			isa = PBXNativeTarget;
			buildConfigurationList = DC41CE091FECF24000BF0C37 /* Build configuration list for PBXNativeTarget "Pocket Learner" */;
			buildPhases = (
				CBA26EE818EFCC95F0B17DF8 /* [CP] Check Pods Manifest.lock */,
				DC41CDF31FECF24000BF0C37 /* Sources */,
				DC41CDF41FECF24000BF0C37 /* Frameworks */,
				DC41CDF51FECF24000BF0C37 /* Resources */,
				7CC34DB37B8FCBB1BD5038B9 /* [CP] Embed Pods Frameworks */,
				B2033C366C61B21BEA5E08C9 /* [CP] Copy Pods Resources */,
			);
			buildRules = (
			);
			dependencies = (
			);
			name = "Pocket Learner";
			productName = "Pocket Learner";
			productReference = DC41CDF71FECF24000BF0C37 /* Pocket Learner.app */;
			productType = "com.apple.product-type.application";
		};
/* End PBXNativeTarget section */

/* Begin PBXProject section */
		DC41CDEF1FECF24000BF0C37 /* Project object */ = {
			isa = PBXProject;
			attributes = {
				LastSwiftUpdateCheck = 0920;
				LastUpgradeCheck = 0920;
				ORGANIZATIONNAME = "Hitendra Dubey";
				TargetAttributes = {
					DC41CDF61FECF24000BF0C37 = {
						CreatedOnToolsVersion = 9.2;
						ProvisioningStyle = Automatic;
					};
				};
			};
			buildConfigurationList = DC41CDF21FECF24000BF0C37 /* Build configuration list for PBXProject "Pocket Learner" */;
			compatibilityVersion = "Xcode 8.0";
			developmentRegion = en;
			hasScannedForEncodings = 0;
			knownRegions = (
				en,
				Base,
			);
			mainGroup = DC41CDEE1FECF24000BF0C37;
			productRefGroup = DC41CDF81FECF24000BF0C37 /* Products */;
			projectDirPath = "";
			projectRoot = "";
			targets = (
				DC41CDF61FECF24000BF0C37 /* Pocket Learner */,
			);
		};
/* End PBXProject section */

/* Begin PBXResourcesBuildPhase section */
		DC41CDF51FECF24000BF0C37 /* Resources */ = {
			isa = PBXResourcesBuildPhase;
			buildActionMask = 2147483647;
			files = (
				DC41CE051FECF24000BF0C37 /* LaunchScreen.storyboard in Resources */,
				DCD90E8A1FED41E30054041F /* GoogleService-Info (3).plist in Resources */,
				DC41CE021FECF24000BF0C37 /* Assets.xcassets in Resources */,
				DC41CE001FECF24000BF0C37 /* Main.storyboard in Resources */,
			);
			runOnlyForDeploymentPostprocessing = 0;
		};
/* End PBXResourcesBuildPhase section */

/* Begin PBXShellScriptBuildPhase section */
		7CC34DB37B8FCBB1BD5038B9 /* [CP] Embed Pods Frameworks */ = {
			isa = PBXShellScriptBuildPhase;
			buildActionMask = 2147483647;
			files = (
			);
			inputPaths = (
				"${SRCROOT}/Pods/Target Support Files/Pods-Pocket Learner/Pods-Pocket Learner-frameworks.sh",
				"${BUILT_PRODUCTS_DIR}/Alamofire/Alamofire.framework",
				"${BUILT_PRODUCTS_DIR}/GTMSessionFetcher/GTMSessionFetcher.framework",
				"${BUILT_PRODUCTS_DIR}/GoogleToolboxForMac/GoogleToolboxForMac.framework",
				"${BUILT_PRODUCTS_DIR}/SVProgressHUD/SVProgressHUD.framework",
				"${BUILT_PRODUCTS_DIR}/SwiftyJSON/SwiftyJSON.framework",
				"${BUILT_PRODUCTS_DIR}/leveldb-library/leveldb.framework",
				"${BUILT_PRODUCTS_DIR}/nanopb/nanopb.framework",
			);
			name = "[CP] Embed Pods Frameworks";
			outputPaths = (
				"${TARGET_BUILD_DIR}/${FRAMEWORKS_FOLDER_PATH}/Alamofire.framework",
				"${TARGET_BUILD_DIR}/${FRAMEWORKS_FOLDER_PATH}/GTMSessionFetcher.framework",
				"${TARGET_BUILD_DIR}/${FRAMEWORKS_FOLDER_PATH}/GoogleToolboxForMac.framework",
				"${TARGET_BUILD_DIR}/${FRAMEWORKS_FOLDER_PATH}/SVProgressHUD.framework",
				"${TARGET_BUILD_DIR}/${FRAMEWORKS_FOLDER_PATH}/SwiftyJSON.framework",
				"${TARGET_BUILD_DIR}/${FRAMEWORKS_FOLDER_PATH}/leveldb.framework",
				"${TARGET_BUILD_DIR}/${FRAMEWORKS_FOLDER_PATH}/nanopb.framework",
			);
			runOnlyForDeploymentPostprocessing = 0;
			shellPath = /bin/sh;
			shellScript = "\"${SRCROOT}/Pods/Target Support Files/Pods-Pocket Learner/Pods-Pocket Learner-frameworks.sh\"\n";
			showEnvVarsInLog = 0;
		};
		B2033C366C61B21BEA5E08C9 /* [CP] Copy Pods Resources */ = {
			isa = PBXShellScriptBuildPhase;
			buildActionMask = 2147483647;
			files = (
			);
			inputPaths = (
			);
			name = "[CP] Copy Pods Resources";
			outputPaths = (
			);
			runOnlyForDeploymentPostprocessing = 0;
			shellPath = /bin/sh;
			shellScript = "\"${SRCROOT}/Pods/Target Support Files/Pods-Pocket Learner/Pods-Pocket Learner-resources.sh\"\n";
			showEnvVarsInLog = 0;
		};
		CBA26EE818EFCC95F0B17DF8 /* [CP] Check Pods Manifest.lock */ = {
			isa = PBXShellScriptBuildPhase;
			buildActionMask = 2147483647;
			files = (
			);
			inputPaths = (
				"${PODS_PODFILE_DIR_PATH}/Podfile.lock",
				"${PODS_ROOT}/Manifest.lock",
			);
			name = "[CP] Check Pods Manifest.lock";
			outputPaths = (
				"$(DERIVED_FILE_DIR)/Pods-Pocket Learner-checkManifestLockResult.txt",
			);
			runOnlyForDeploymentPostprocessing = 0;
			shellPath = /bin/sh;
			shellScript = "diff \"${PODS_PODFILE_DIR_PATH}/Podfile.lock\" \"${PODS_ROOT}/Manifest.lock\" > /dev/null\nif [ $? != 0 ] ; then\n    # print error to STDERR\n    echo \"error: The sandbox is not in sync with the Podfile.lock. Run 'pod install' or update your CocoaPods installation.\" >&2\n    exit 1\nfi\n# This output is used by Xcode 'outputs' to avoid re-running this script phase.\necho \"SUCCESS\" > \"${SCRIPT_OUTPUT_FILE_0}\"\n";
			showEnvVarsInLog = 0;
		};
/* End PBXShellScriptBuildPhase section */

/* Begin PBXSourcesBuildPhase section */
		DC41CDF31FECF24000BF0C37 /* Sources */ = {
			isa = PBXSourcesBuildPhase;
			buildActionMask = 2147483647;
			files = (
				DC0B14B11FED383E008123E8 /* LoginViewController.swift in Sources */,
				DC41CDFD1FECF24000BF0C37 /* ViewController.swift in Sources */,
				DC41CDFB1FECF24000BF0C37 /* AppDelegate.swift in Sources */,
				DC0B14B31FED3872008123E8 /* registerViewController.swift in Sources */,
				DC0B14B51FED388C008123E8 /* questionViewController.swift in Sources */,
			);
			runOnlyForDeploymentPostprocessing = 0;
		};
/* End PBXSourcesBuildPhase section */

/* Begin PBXVariantGroup section */
		DC41CDFE1FECF24000BF0C37 /* Main.storyboard */ = {
			isa = PBXVariantGroup;
			children = (
				DC41CDFF1FECF24000BF0C37 /* Base */,
			);
			name = Main.storyboard;
			sourceTree = "<group>";
		};
		DC41CE031FECF24000BF0C37 /* LaunchScreen.storyboard */ = {
			isa = PBXVariantGroup;
			children = (
				DC41CE041FECF24000BF0C37 /* Base */,
			);
			name = LaunchScreen.storyboard;
			sourceTree = "<group>";
		};
/* End PBXVariantGroup section */

/* Begin XCBuildConfiguration section */
		DC41CE071FECF24000BF0C37 /* Debug */ = {
			isa = XCBuildConfiguration;
			buildSettings = {
				ALWAYS_SEARCH_USER_PATHS = NO;
				CLANG_ANALYZER_NONNULL = YES;
				CLANG_ANALYZER_NUMBER_OBJECT_CONVERSION = YES_AGGRESSIVE;
				CLANG_CXX_LANGUAGE_STANDARD = "gnu++14";
				CLANG_CXX_LIBRARY = "libc++";
				CLANG_ENABLE_MODULES = YES;
				CLANG_ENABLE_OBJC_ARC = YES;
				CLANG_WARN_BLOCK_CAPTURE_AUTORELEASING = YES;
				CLANG_WARN_BOOL_CONVERSION = YES;
				CLANG_WARN_COMMA = YES;
				CLANG_WARN_CONSTANT_CONVERSION = YES;
				CLANG_WARN_DIRECT_OBJC_ISA_USAGE = YES_ERROR;
				CLANG_WARN_DOCUMENTATION_COMMENTS = YES;
				CLANG_WARN_EMPTY_BODY = YES;
				CLANG_WARN_ENUM_CONVERSION = YES;
				CLANG_WARN_INFINITE_RECURSION = YES;
				CLANG_WARN_INT_CONVERSION = YES;
				CLANG_WARN_NON_LITERAL_NULL_CONVERSION = YES;
				CLANG_WARN_OBJC_LITERAL_CONVERSION = YES;
				CLANG_WARN_OBJC_ROOT_CLASS = YES_ERROR;
				CLANG_WARN_RANGE_LOOP_ANALYSIS = YES;
				CLANG_WARN_STRICT_PROTOTYPES = YES;
				CLANG_WARN_SUSPICIOUS_MOVE = YES;
				CLANG_WARN_UNGUARDED_AVAILABILITY = YES_AGGRESSIVE;
				CLANG_WARN_UNREACHABLE_CODE = YES;
				CLANG_WARN__DUPLICATE_METHOD_MATCH = YES;
				CODE_SIGN_IDENTITY = "iPhone Developer";
				COPY_PHASE_STRIP = NO;
				DEBUG_INFORMATION_FORMAT = dwarf;
				ENABLE_STRICT_OBJC_MSGSEND = YES;
				ENABLE_TESTABILITY = YES;
				GCC_C_LANGUAGE_STANDARD = gnu11;
				GCC_DYNAMIC_NO_PIC = NO;
				GCC_NO_COMMON_BLOCKS = YES;
				GCC_OPTIMIZATION_LEVEL = 0;
				GCC_PREPROCESSOR_DEFINITIONS = (
					"DEBUG=1",
					"$(inherited)",
				);
				GCC_WARN_64_TO_32_BIT_CONVERSION = YES;
				GCC_WARN_ABOUT_RETURN_TYPE = YES_ERROR;
				GCC_WARN_UNDECLARED_SELECTOR = YES;
				GCC_WARN_UNINITIALIZED_AUTOS = YES_AGGRESSIVE;
				GCC_WARN_UNUSED_FUNCTION = YES;
				GCC_WARN_UNUSED_VARIABLE = YES;
				IPHONEOS_DEPLOYMENT_TARGET = 11.2;
				MTL_ENABLE_DEBUG_INFO = YES;
				ONLY_ACTIVE_ARCH = YES;
				SDKROOT = iphoneos;
				SWIFT_ACTIVE_COMPILATION_CONDITIONS = DEBUG;
				SWIFT_OPTIMIZATION_LEVEL = "-Onone";
			};
			name = Debug;
		};
		DC41CE081FECF24000BF0C37 /* Release */ = {
			isa = XCBuildConfiguration;
			buildSettings = {
				ALWAYS_SEARCH_USER_PATHS = NO;
				CLANG_ANALYZER_NONNULL = YES;
				CLANG_ANALYZER_NUMBER_OBJECT_CONVERSION = YES_AGGRESSIVE;
				CLANG_CXX_LANGUAGE_STANDARD = "gnu++14";
				CLANG_CXX_LIBRARY = "libc++";
				CLANG_ENABLE_MODULES = YES;
				CLANG_ENABLE_OBJC_ARC = YES;
				CLANG_WARN_BLOCK_CAPTURE_AUTORELEASING = YES;
				CLANG_WARN_BOOL_CONVERSION = YES;
				CLANG_WARN_COMMA = YES;
				CLANG_WARN_CONSTANT_CONVERSION = YES;
				CLANG_WARN_DIRECT_OBJC_ISA_USAGE = YES_ERROR;
				CLANG_WARN_DOCUMENTATION_COMMENTS = YES;
				CLANG_WARN_EMPTY_BODY = YES;
				CLANG_WARN_ENUM_CONVERSION = YES;
				CLANG_WARN_INFINITE_RECURSION = YES;
				CLANG_WARN_INT_CONVERSION = YES;
				CLANG_WARN_NON_LITERAL_NULL_CONVERSION = YES;
				CLANG_WARN_OBJC_LITERAL_CONVERSION = YES;
				CLANG_WARN_OBJC_ROOT_CLASS = YES_ERROR;
				CLANG_WARN_RANGE_LOOP_ANALYSIS = YES;
				CLANG_WARN_STRICT_PROTOTYPES = YES;
				CLANG_WARN_SUSPICIOUS_MOVE = YES;
				CLANG_WARN_UNGUARDED_AVAILABILITY = YES_AGGRESSIVE;
				CLANG_WARN_UNREACHABLE_CODE = YES;
				CLANG_WARN__DUPLICATE_METHOD_MATCH = YES;
				CODE_SIGN_IDENTITY = "iPhone Developer";
				COPY_PHASE_STRIP = NO;
				DEBUG_INFORMATION_FORMAT = "dwarf-with-dsym";
				ENABLE_NS_ASSERTIONS = NO;
				ENABLE_STRICT_OBJC_MSGSEND = YES;
				GCC_C_LANGUAGE_STANDARD = gnu11;
				GCC_NO_COMMON_BLOCKS = YES;
				GCC_WARN_64_TO_32_BIT_CONVERSION = YES;
				GCC_WARN_ABOUT_RETURN_TYPE = YES_ERROR;
				GCC_WARN_UNDECLARED_SELECTOR = YES;
				GCC_WARN_UNINITIALIZED_AUTOS = YES_AGGRESSIVE;
				GCC_WARN_UNUSED_FUNCTION = YES;
				GCC_WARN_UNUSED_VARIABLE = YES;
				IPHONEOS_DEPLOYMENT_TARGET = 11.2;
				MTL_ENABLE_DEBUG_INFO = NO;
				SDKROOT = iphoneos;
				SWIFT_OPTIMIZATION_LEVEL = "-Owholemodule";
				VALIDATE_PRODUCT = YES;
			};
			name = Release;
		};
		DC41CE0A1FECF24000BF0C37 /* Debug */ = {
			isa = XCBuildConfiguration;
			baseConfigurationReference = 688A0C8C7CBB961F1FCF1D01 /* Pods-Pocket Learner.debug.xcconfig */;
			buildSettings = {
				ASSETCATALOG_COMPILER_APPICON_NAME = AppIcon;
				CODE_SIGN_STYLE = Automatic;
				DEVELOPMENT_TEAM = CEW3L75JU4;
				INFOPLIST_FILE = "Pocket Learner/Info.plist";
				LD_RUNPATH_SEARCH_PATHS = "$(inherited) @executable_path/Frameworks";
				PRODUCT_BUNDLE_IDENTIFIER = "com.Hitendradubey.Pocket-Learner";
				PRODUCT_NAME = "$(TARGET_NAME)";
				SWIFT_VERSION = 4.0;
				TARGETED_DEVICE_FAMILY = "1,2";
			};
			name = Debug;
		};
		DC41CE0B1FECF24000BF0C37 /* Release */ = {
			isa = XCBuildConfiguration;
			baseConfigurationReference = 6056C5DBC48BDEC05F8AD341 /* Pods-Pocket Learner.release.xcconfig */;
			buildSettings = {
				ASSETCATALOG_COMPILER_APPICON_NAME = AppIcon;
				CODE_SIGN_STYLE = Automatic;
				DEVELOPMENT_TEAM = CEW3L75JU4;
				INFOPLIST_FILE = "Pocket Learner/Info.plist";
				LD_RUNPATH_SEARCH_PATHS = "$(inherited) @executable_path/Frameworks";
				PRODUCT_BUNDLE_IDENTIFIER = "com.Hitendradubey.Pocket-Learner";
				PRODUCT_NAME = "$(TARGET_NAME)";
				SWIFT_VERSION = 4.0;
				TARGETED_DEVICE_FAMILY = "1,2";
			};
			name = Release;
		};
/* End XCBuildConfiguration section */

/* Begin XCConfigurationList section */
		DC41CDF21FECF24000BF0C37 /* Build configuration list for PBXProject "Pocket Learner" */ = {
			isa = XCConfigurationList;
			buildConfigurations = (
				DC41CE071FECF24000BF0C37 /* Debug */,
				DC41CE081FECF24000BF0C37 /* Release */,
			);
			defaultConfigurationIsVisible = 0;
			defaultConfigurationName = Release;
		};
		DC41CE091FECF24000BF0C37 /* Build configuration list for PBXNativeTarget "Pocket Learner" */ = {
			isa = XCConfigurationList;
			buildConfigurations = (
				DC41CE0A1FECF24000BF0C37 /* Debug */,
				DC41CE0B1FECF24000BF0C37 /* Release */,
			);
			defaultConfigurationIsVisible = 0;
			defaultConfigurationName = Release;
		};
/* End XCConfigurationList section */
	};
	rootObject = DC41CDEF1FECF24000BF0C37 /* Project object */;
}
